
Microsoft Visual Studio Solution File, Format Version 12.00
# Visual Studio Version 17
VisualStudioVersion = 17.13.35931.197 d17.13
MinimumVisualStudioVersion = 10.0.40219.1
Project("{FAE04EC0-301F-11D3-BF4B-00C04F79EFBC}") = "Week_5_Assignment_5.1.1", "Week_5_Assignment_5.1.1.csproj", "{EF9C0C87-C87E-4642-B1F1-5BB605F58EEF}"
EndProject
Global
	GlobalSection(SolutionConfigurationPlatforms) = preSolution
		Debug|Any CPU = Debug|Any CPU
		Release|Any CPU = Release|Any CPU
	EndGlobalSection
	GlobalSection(ProjectConfigurationPlatforms) = postSolution
		{EF9C0C87-C87E-4642-B1F1-5BB605F58EEF}.Debug|Any CPU.ActiveCfg = Debug|Any CPU
		{EF9C0C87-C87E-4642-B1F1-5BB605F58EEF}.Debug|Any CPU.Build.0 = Debug|Any CPU
		{EF9C0C87-C87E-4642-B1F1-5BB605F58EEF}.Release|Any CPU.ActiveCfg = Release|Any CPU
		{EF9C0C87-C87E-4642-B1F1-5BB605F58EEF}.Release|Any CPU.Build.0 = Release|Any CPU
	EndGlobalSection
	GlobalSection(SolutionProperties) = preSolution
		HideSolutionNode = FALSE
	EndGlobalSection
	GlobalSection(ExtensibilityGlobals) = postSolution
		SolutionGuid = {B01DF81A-4CE4-4C5B-92B9-1F404AC25BD6}
	EndGlobalSection
EndGlobal
